<?xml version="1.0" encoding="utf-8"?>
<Project ToolsVersion="4.0" xmlns="http://schemas.microsoft.com/developer/msbuild/2003">
  <ItemGroup>
    <Filter Include="Source Files">
      <UniqueIdentifier>{487eea7b-5f6a-4832-a98e-750448b0374d}</UniqueIdentifier>
      <Extensions>cpp;c;cxx;rc;def;r;odl;idl;hpj;bat</Extensions>
    </Filter>
    <Filter Include="Header Files">
      <UniqueIdentifier>{761629dd-bf73-4ac6-82c5-10f5bad78aeb}</UniqueIdentifier>
      <Extensions>h;hpp;hxx;hm;inl</Extensions>
    </Filter>
    <Filter Include="Resource Files">
      <UniqueIdentifier>{b0b370c1-2382-4c25-b89f-8ac2ec434e0c}</UniqueIdentifier>
      <Extensions>ico;cur;bmp;dlg;rc2;rct;bin;rgs;gif;jpg;jpeg;jpe</Extensions>
    </Filter>
  </ItemGroup>
  <ItemGroup>
    <ClCompile Include="TDWAnalysis.cpp">
      <Filter>Source Files</Filter>
    </ClCompile>
    <ClCompile Include="TDWCharacter.cpp">
      <Filter>Source Files</Filter>
    </ClCompile>
    <ClCompile Include="TDWEffect.cpp">
      <Filter>Source Files</Filter>
    </ClCompile>
    <ClCompile Include="TDWGame.cpp">
      <Filter>Source Files</Filter>
    </ClCompile>
    <ClCompile Include="TDWMap.cpp">
      <Filter>Source Files</Filter>
    </ClCompile>
    <ClCompile Include="TDWOthers.cpp">
      <Filter>Source Files</Filter>
    </ClCompile>
    <ClCompile Include="TDWSound.cpp">
      <Filter>Source Files</Filter>
    </ClCompile>
    <ClCompile Include="TheDesertWorld.cpp">
      <Filter>Source Files</Filter>
    </ClCompile>
  </ItemGroup>
  <ItemGroup>
    <ClInclude Include="TDWAnalysis.h">
      <Filter>Header Files</Filter>
    </ClInclude>
    <ClInclude Include="TDWCharacter.h">
      <Filter>Header Files</Filter>
    </ClInclude>
    <ClInclude Include="TDWEffect.h">
      <Filter>Header Files</Filter>
    </ClInclude>
    <ClInclude Include="TDWGame.h">
      <Filter>Header Files</Filter>
    </ClInclude>
  </ItemGroup>
</Project>