<?xml version="1.0" encoding="utf-8"?>
<Project ToolsVersion="4.0" xmlns="http://schemas.microsoft.com/developer/msbuild/2003">
  <ItemGroup>
    <Filter Include="Source Files">
      <UniqueIdentifier>{4FC737F1-C7A5-4376-A066-2A32D752A2FF}</UniqueIdentifier>
      <Extensions>cpp;c;cc;cxx;def;odl;idl;hpj;bat;asm;asmx</Extensions>
    </Filter>
    <Filter Include="Header Files">
      <UniqueIdentifier>{93995380-89BD-4b04-88EB-625FBE52EBFB}</UniqueIdentifier>
      <Extensions>h;hpp;hxx;hm;inl;inc;xsd</Extensions>
    </Filter>
    <Filter Include="Header Files\common">
      <UniqueIdentifier>{5ae051a6-f95b-4aa6-ae7c-1c53c0dd7687}</UniqueIdentifier>
    </Filter>
    <Filter Include="Source Files\common">
      <UniqueIdentifier>{36d84b40-533f-4cde-b25d-b0c0e4a65ada}</UniqueIdentifier>
    </Filter>
    <Filter Include="Source Files\packets">
      <UniqueIdentifier>{e20d158c-b992-472e-9fe3-c83ad365b297}</UniqueIdentifier>
    </Filter>
    <Filter Include="Header Files\packets">
      <UniqueIdentifier>{6d1c81f1-def8-43e7-b4e0-85c772b57389}</UniqueIdentifier>
    </Filter>
  </ItemGroup>
  <ItemGroup>
    <ClCompile Include="..\..\src\search\search.cpp">
      <Filter>Source Files</Filter>
    </ClCompile>
    <ClCompile Include="..\..\src\common\blowfish.cpp">
      <Filter>Source Files\common</Filter>
    </ClCompile>
    <ClCompile Include="..\..\src\common\md52.cpp">
      <Filter>Source Files\common</Filter>
    </ClCompile>
    <ClCompile Include="..\..\src\search\tcp_request.cpp">
      <Filter>Source Files</Filter>
    </ClCompile>
    <ClCompile Include="..\..\src\common\utils.cpp">
      <Filter>Source Files\common</Filter>
    </ClCompile>
    <ClCompile Include="..\..\src\common\showmsg.cpp">
      <Filter>Source Files\common</Filter>
    </ClCompile>
    <ClCompile Include="..\..\src\common\strlib.cpp">
      <Filter>Source Files\common</Filter>
    </ClCompile>
    <ClCompile Include="..\..\src\common\malloc.cpp">
      <Filter>Source Files\common</Filter>
    </ClCompile>
  </ItemGroup>
  <ItemGroup>
    <ClInclude Include="..\..\src\common\cbasetypes.h">
      <Filter>Header Files\common</Filter>
    </ClInclude>
    <ClInclude Include="..\..\src\common\blowfish.h">
      <Filter>Header Files\common</Filter>
    </ClInclude>
    <ClInclude Include="..\..\src\common\mmo.h">
      <Filter>Header Files\common</Filter>
    </ClInclude>
    <ClInclude Include="..\..\src\search\packets\search_list.h">
      <Filter>Header Files\packets</Filter>
    </ClInclude>
    <ClInclude Include="..\..\src\common\md52.h">
      <Filter>Header Files\common</Filter>
    </ClInclude>
    <ClInclude Include="..\..\src\search\tcp_request.h">
      <Filter>Header Files</Filter>
    </ClInclude>
    <ClInclude Include="..\..\src\search\search.h">
      <Filter>Header Files</Filter>
    </ClInclude>
    <ClInclude Include="..\..\src\common\utils.h">
      <Filter>Header Files\common</Filter>
    </ClInclude>
    <ClInclude Include="..\..\src\common\showmsg.h">
      <Filter>Header Files\common</Filter>
    </ClInclude>
    <ClInclude Include="..\..\src\common\strlib.h">
      <Filter>Header Files\common</Filter>
    </ClInclude>
    <ClInclude Include="..\..\src\common\malloc.h">
      <Filter>Header Files\common</Filter>
    </ClInclude>
    <ClInclude Include="..\..\src\common\socket.h">
      <Filter>Header Files\common</Filter>
    </ClInclude>
  </ItemGroup>
</Project>