<?xml version="1.0" encoding="utf-8"?>
<Project ToolsVersion="4.0" xmlns="http://schemas.microsoft.com/developer/msbuild/2003">
  <ItemGroup>
    <Filter Include="Source Files">
      <UniqueIdentifier>{4FC737F1-C7A5-4376-A066-2A32D752A2FF}</UniqueIdentifier>
      <Extensions>cpp;c;cc;cxx;def;odl;idl;hpj;bat;asm;asmx</Extensions>
    </Filter>
    <Filter Include="Source Files\common">
      <UniqueIdentifier>{b7f1cd91-07f2-4d5b-b629-2e943af34926}</UniqueIdentifier>
    </Filter>
    <Filter Include="Source Files\items">
      <UniqueIdentifier>{5653d645-023e-4eee-908d-9460223c5020}</UniqueIdentifier>
    </Filter>
    <Filter Include="Source Files\lua">
      <UniqueIdentifier>{f6d1297b-d842-464e-af36-4aa6692accb6}</UniqueIdentifier>
    </Filter>
    <Filter Include="Source Files\packets">
      <UniqueIdentifier>{9b800002-417f-48b2-a9eb-351c54a36a1f}</UniqueIdentifier>
    </Filter>
    <Filter Include="Source Files\ai">
      <UniqueIdentifier>{7dc3a605-64d1-4d29-9ff1-6f6b1eafb226}</UniqueIdentifier>
    </Filter>
    <Filter Include="Header Files">
      <UniqueIdentifier>{93995380-89BD-4b04-88EB-625FBE52EBFB}</UniqueIdentifier>
      <Extensions>h;hpp;hxx;hm;inl;inc;xsd</Extensions>
    </Filter>
    <Filter Include="Header Files\common">
      <UniqueIdentifier>{7edae262-9916-4e49-8a5c-acfa437f4fe9}</UniqueIdentifier>
    </Filter>
    <Filter Include="Header Files\common\lua">
      <UniqueIdentifier>{564bebd8-a706-4fc9-a8dd-d62ddbc1c279}</UniqueIdentifier>
    </Filter>
    <Filter Include="Header Files\items">
      <UniqueIdentifier>{dc3c3cd5-ef81-42f7-b8e2-4e6ab5c1447a}</UniqueIdentifier>
    </Filter>
    <Filter Include="Header Files\lua">
      <UniqueIdentifier>{838ef418-3ed3-4cbb-87a7-3bb87ea11c11}</UniqueIdentifier>
    </Filter>
    <Filter Include="Header Files\packets">
      <UniqueIdentifier>{4cc38c75-682a-4da2-8bda-6dfacbde921b}</UniqueIdentifier>
    </Filter>
    <Filter Include="Header Files\ai">
      <UniqueIdentifier>{82530adb-59c4-485f-978f-c4c849f45947}</UniqueIdentifier>
    </Filter>
    <Filter Include="Resource Files">
      <UniqueIdentifier>{c199594e-8e4b-40cf-9541-5ca33be82bfe}</UniqueIdentifier>
    </Filter>
    <Filter Include="Header Files\common\detour">
      <UniqueIdentifier>{89075007-3807-4b5f-9df2-cb2ac2b308cf}</UniqueIdentifier>
    </Filter>
    <Filter Include="Header Files\common\recast">
      <UniqueIdentifier>{af804228-61a0-45d3-97c2-9a18681a347a}</UniqueIdentifier>
    </Filter>
    <Filter Include="Source Files\common\detour">
      <UniqueIdentifier>{99c3c980-7b14-412b-a585-84bbee3f3fdc}</UniqueIdentifier>
    </Filter>
    <Filter Include="Source Files\ai\helpers">
      <UniqueIdentifier>{556ece7c-5f18-47dc-aa93-6bd3e6225c69}</UniqueIdentifier>
    </Filter>
    <Filter Include="Source Files\ai\states">
      <UniqueIdentifier>{8db3e752-e6d6-4c05-b46e-d0536d7fd12a}</UniqueIdentifier>
    </Filter>
    <Filter Include="Header Files\ai\helpers">
      <UniqueIdentifier>{7c17288c-6809-4a52-a845-38ebebf68ccd}</UniqueIdentifier>
    </Filter>
    <Filter Include="Header Files\ai\states">
      <UniqueIdentifier>{fdb481b8-fdae-46b8-b9dd-43817c653c5a}</UniqueIdentifier>
    </Filter>
    <Filter Include="Header Files\entities">
      <UniqueIdentifier>{93413ffb-8f9a-409e-8c55-6b14935a15d3}</UniqueIdentifier>
    </Filter>
    <Filter Include="Source Files\utils">
      <UniqueIdentifier>{4f11b8a9-6e51-4eba-872a-969709b3f41a}</UniqueIdentifier>
    </Filter>
    <Filter Include="Source Files\entities">
      <UniqueIdentifier>{250c67bd-9d39-4846-a96d-48410fa927c9}</UniqueIdentifier>
    </Filter>
    <Filter Include="Header Files\utils">
      <UniqueIdentifier>{4809b9f1-e6f6-4976-a83b-e246e6dc5671}</UniqueIdentifier>
    </Filter>
    <Filter Include="Header Files\common\marshal">
      <UniqueIdentifier>{e12005cb-3c26-42a1-9752-8898f7492816}</UniqueIdentifier>
    </Filter>
    <Filter Include="Header Files\ai\controllers">
      <UniqueIdentifier>{dadf369a-26a2-4af4-9a1e-d99d2739b7d5}</UniqueIdentifier>
    </Filter>
    <Filter Include="Source Files\ai\controllers">
      <UniqueIdentifier>{f581ed5f-506f-47f2-8ef0-4bc43b6467e4}</UniqueIdentifier>
    </Filter>
  </ItemGroup>
  <ItemGroup>
    <ClInclude Include="..\..\src\map\ability.h">
      <Filter>Header Files</Filter>
    </ClInclude>
    <ClInclude Include="..\..\src\map\commandhandler.h">
      <Filter>Header Files</Filter>
    </ClInclude>
    <ClInclude Include="..\..\src\map\conquest_system.h">
      <Filter>Header Files</Filter>
    </ClInclude>
    <ClInclude Include="..\..\src\map\enmity_container.h">
      <Filter>Header Files</Filter>
    </ClInclude>
    <ClInclude Include="..\..\src\map\grades.h">
      <Filter>Header Files</Filter>
    </ClInclude>
    <ClInclude Include="..\..\src\map\item_container.h">
      <Filter>Header Files</Filter>
    </ClInclude>
    <ClInclude Include="..\..\src\map\map.h">
      <Filter>Header Files</Filter>
    </ClInclude>
    <ClInclude Include="..\..\src\map\modifier.h">
      <Filter>Header Files</Filter>
    </ClInclude>
    <ClInclude Include="..\..\src\map\mob_modifier.h">
      <Filter>Header Files</Filter>
    </ClInclude>
    <ClInclude Include="..\..\src\map\packet_system.h">
      <Filter>Header Files</Filter>
    </ClInclude>
    <ClInclude Include="..\..\src\map\region.h">
      <Filter>Header Files</Filter>
    </ClInclude>
    <ClInclude Include="..\..\src\map\spell.h">
      <Filter>Header Files</Filter>
    </ClInclude>
    <ClInclude Include="..\..\src\map\status_effect.h">
      <Filter>Header Files</Filter>
    </ClInclude>
    <ClInclude Include="..\..\src\map\status_effect_container.h">
      <Filter>Header Files</Filter>
    </ClInclude>
    <ClInclude Include="..\..\src\map\time_server.h">
      <Filter>Header Files</Filter>
    </ClInclude>
    <ClInclude Include="..\..\src\map\trade_container.h">
      <Filter>Header Files</Filter>
    </ClInclude>
    <ClInclude Include="..\..\src\map\transport.h">
      <Filter>Header Files</Filter>
    </ClInclude>
    <ClInclude Include="..\..\src\map\treasure_pool.h">
      <Filter>Header Files</Filter>
    </ClInclude>
    <ClInclude Include="..\..\src\map\vana_time.h">
      <Filter>Header Files</Filter>
    </ClInclude>
    <ClInclude Include="..\..\src\map\zone.h">
      <Filter>Header Files</Filter>
    </ClInclude>
    <ClInclude Include="..\..\src\common\blowfish.h">
      <Filter>Header Files\common</Filter>
    </ClInclude>
    <ClInclude Include="..\..\src\common\cbasetypes.h">
      <Filter>Header Files\common</Filter>
    </ClInclude>
    <ClInclude Include="..\..\src\common\kernel.h">
      <Filter>Header Files\common</Filter>
    </ClInclude>
    <ClInclude Include="..\..\src\common\malloc.h">
      <Filter>Header Files\common</Filter>
    </ClInclude>
    <ClInclude Include="..\..\src\common\md52.h">
      <Filter>Header Files\common</Filter>
    </ClInclude>
    <ClInclude Include="..\..\src\common\mmo.h">
      <Filter>Header Files\common</Filter>
    </ClInclude>
    <ClInclude Include="..\..\src\common\showmsg.h">
      <Filter>Header Files\common</Filter>
    </ClInclude>
    <ClInclude Include="..\..\src\common\socket.h">
      <Filter>Header Files\common</Filter>
    </ClInclude>
    <ClInclude Include="..\..\src\common\sql.h">
      <Filter>Header Files\common</Filter>
    </ClInclude>
    <ClInclude Include="..\..\src\common\strlib.h">
      <Filter>Header Files\common</Filter>
    </ClInclude>
    <ClInclude Include="..\..\src\common\taskmgr.h">
      <Filter>Header Files\common</Filter>
    </ClInclude>
    <ClInclude Include="..\..\src\common\timer.h">
      <Filter>Header Files\common</Filter>
    </ClInclude>
    <ClInclude Include="..\..\src\common\utils.h">
      <Filter>Header Files\common</Filter>
    </ClInclude>
    <ClInclude Include="..\..\src\common\version.h">
      <Filter>Header Files\common</Filter>
    </ClInclude>
    <ClInclude Include="..\..\src\common\zlib.h">
      <Filter>Header Files\common</Filter>
    </ClInclude>
    <ClInclude Include="..\..\src\common\lua\lua.h">
      <Filter>Header Files\common\lua</Filter>
    </ClInclude>
    <ClInclude Include="..\..\src\common\lua\lua.hpp">
      <Filter>Header Files\common\lua</Filter>
    </ClInclude>
    <ClInclude Include="..\..\src\common\lua\luaconf.h">
      <Filter>Header Files\common\lua</Filter>
    </ClInclude>
    <ClInclude Include="..\..\src\common\lua\lualib.h">
      <Filter>Header Files\common\lua</Filter>
    </ClInclude>
    <ClInclude Include="..\..\src\common\lua\luaxlib.h">
      <Filter>Header Files\common\lua</Filter>
    </ClInclude>
    <ClInclude Include="..\..\src\common\lua\lunar.h">
      <Filter>Header Files\common\lua</Filter>
    </ClInclude>
    <ClInclude Include="..\..\src\map\items\item.h">
      <Filter>Header Files\items</Filter>
    </ClInclude>
    <ClInclude Include="..\..\src\map\items\item_armor.h">
      <Filter>Header Files\items</Filter>
    </ClInclude>
    <ClInclude Include="..\..\src\map\items\item_currency.h">
      <Filter>Header Files\items</Filter>
    </ClInclude>
    <ClInclude Include="..\..\src\map\items\item_furnishing.h">
      <Filter>Header Files\items</Filter>
    </ClInclude>
    <ClInclude Include="..\..\src\map\items\item_general.h">
      <Filter>Header Files\items</Filter>
    </ClInclude>
    <ClInclude Include="..\..\src\map\items\item_linkshell.h">
      <Filter>Header Files\items</Filter>
    </ClInclude>
    <ClInclude Include="..\..\src\map\items\item_puppet.h">
      <Filter>Header Files\items</Filter>
    </ClInclude>
    <ClInclude Include="..\..\src\map\items\item_usable.h">
      <Filter>Header Files\items</Filter>
    </ClInclude>
    <ClInclude Include="..\..\src\map\items\item_weapon.h">
      <Filter>Header Files\items</Filter>
    </ClInclude>
    <ClInclude Include="..\..\src\map\lua\lua_baseentity.h">
      <Filter>Header Files\lua</Filter>
    </ClInclude>
    <ClInclude Include="..\..\src\map\lua\lua_spell.h">
      <Filter>Header Files\lua</Filter>
    </ClInclude>
    <ClInclude Include="..\..\src\map\lua\lua_statuseffect.h">
      <Filter>Header Files\lua</Filter>
    </ClInclude>
    <ClInclude Include="..\..\src\map\lua\lua_trade_container.h">
      <Filter>Header Files\lua</Filter>
    </ClInclude>
    <ClInclude Include="..\..\src\map\lua\lua_zone.h">
      <Filter>Header Files\lua</Filter>
    </ClInclude>
    <ClInclude Include="..\..\src\map\lua\luautils.h">
      <Filter>Header Files\lua</Filter>
    </ClInclude>
    <ClInclude Include="..\..\src\map\packets\action.h">
      <Filter>Header Files\packets</Filter>
    </ClInclude>
    <ClInclude Include="..\..\src\map\packets\basic.h">
      <Filter>Header Files\packets</Filter>
    </ClInclude>
    <ClInclude Include="..\..\src\map\packets\bazaar_check.h">
      <Filter>Header Files\packets</Filter>
    </ClInclude>
    <ClInclude Include="..\..\src\map\packets\bazaar_close.h">
      <Filter>Header Files\packets</Filter>
    </ClInclude>
    <ClInclude Include="..\..\src\map\packets\bazaar_item.h">
      <Filter>Header Files\packets</Filter>
    </ClInclude>
    <ClInclude Include="..\..\src\map\packets\bazaar_message.h">
      <Filter>Header Files\packets</Filter>
    </ClInclude>
    <ClInclude Include="..\..\src\map\packets\campaing_map.h">
      <Filter>Header Files\packets</Filter>
    </ClInclude>
    <ClInclude Include="..\..\src\map\packets\char.h">
      <Filter>Header Files\packets</Filter>
    </ClInclude>
    <ClInclude Include="..\..\src\map\packets\char_abilities.h">
      <Filter>Header Files\packets</Filter>
    </ClInclude>
    <ClInclude Include="..\..\src\map\packets\char_appearance.h">
      <Filter>Header Files\packets</Filter>
    </ClInclude>
    <ClInclude Include="..\..\src\map\packets\char_check.h">
      <Filter>Header Files\packets</Filter>
    </ClInclude>
    <ClInclude Include="..\..\src\map\packets\char_emotion.h">
      <Filter>Header Files\packets</Filter>
    </ClInclude>
    <ClInclude Include="..\..\src\map\packets\char_equip.h">
      <Filter>Header Files\packets</Filter>
    </ClInclude>
    <ClInclude Include="..\..\src\map\packets\char_health.h">
      <Filter>Header Files\packets</Filter>
    </ClInclude>
    <ClInclude Include="..\..\src\map\packets\char_jobs.h">
      <Filter>Header Files\packets</Filter>
    </ClInclude>
    <ClInclude Include="..\..\src\map\packets\char_skills.h">
      <Filter>Header Files\packets</Filter>
    </ClInclude>
    <ClInclude Include="..\..\src\map\packets\char_spells.h">
      <Filter>Header Files\packets</Filter>
    </ClInclude>
    <ClInclude Include="..\..\src\map\packets\char_stats.h">
      <Filter>Header Files\packets</Filter>
    </ClInclude>
    <ClInclude Include="..\..\src\map\packets\char_sync.h">
      <Filter>Header Files\packets</Filter>
    </ClInclude>
    <ClInclude Include="..\..\src\map\packets\char_update.h">
      <Filter>Header Files\packets</Filter>
    </ClInclude>
    <ClInclude Include="..\..\src\map\packets\chat_message.h">
      <Filter>Header Files\packets</Filter>
    </ClInclude>
    <ClInclude Include="..\..\src\map\packets\chocobo_digging.h">
      <Filter>Header Files\packets</Filter>
    </ClInclude>
    <ClInclude Include="..\..\src\map\packets\change_music.h">
      <Filter>Header Files\packets</Filter>
    </ClInclude>
    <ClInclude Include="..\..\src\map\packets\conquest_map.h">
      <Filter>Header Files\packets</Filter>
    </ClInclude>
    <ClInclude Include="..\..\src\map\packets\cs_position.h">
      <Filter>Header Files\packets</Filter>
    </ClInclude>
    <ClInclude Include="..\..\src\map\packets\delivery_box.h">
      <Filter>Header Files\packets</Filter>
    </ClInclude>
    <ClInclude Include="..\..\src\map\packets\downloading_data.h">
      <Filter>Header Files\packets</Filter>
    </ClInclude>
    <ClInclude Include="..\..\src\map\packets\entity_update.h">
      <Filter>Header Files\packets</Filter>
    </ClInclude>
    <ClInclude Include="..\..\src\map\packets\event.h">
      <Filter>Header Files\packets</Filter>
    </ClInclude>
    <ClInclude Include="..\..\src\map\packets\event_update.h">
      <Filter>Header Files\packets</Filter>
    </ClInclude>
    <ClInclude Include="..\..\src\map\packets\fishing.h">
      <Filter>Header Files\packets</Filter>
    </ClInclude>
    <ClInclude Include="..\..\src\map\packets\inventory_assign.h">
      <Filter>Header Files\packets</Filter>
    </ClInclude>
    <ClInclude Include="..\..\src\map\packets\inventory_finish.h">
      <Filter>Header Files\packets</Filter>
    </ClInclude>
    <ClInclude Include="..\..\src\map\packets\inventory_item.h">
      <Filter>Header Files\packets</Filter>
    </ClInclude>
    <ClInclude Include="..\..\src\map\packets\inventory_modify.h">
      <Filter>Header Files\packets</Filter>
    </ClInclude>
    <ClInclude Include="..\..\src\map\packets\inventory_size.h">
      <Filter>Header Files\packets</Filter>
    </ClInclude>
    <ClInclude Include="..\..\src\map\packets\key_items.h">
      <Filter>Header Files\packets</Filter>
    </ClInclude>
    <ClInclude Include="..\..\src\map\packets\lock_on.h">
      <Filter>Header Files\packets</Filter>
    </ClInclude>
    <ClInclude Include="..\..\src\map\packets\menu_config.h">
      <Filter>Header Files\packets</Filter>
    </ClInclude>
    <ClInclude Include="..\..\src\map\packets\menu_merit.h">
      <Filter>Header Files\packets</Filter>
    </ClInclude>
    <ClInclude Include="..\..\src\map\packets\menu_mog.h">
      <Filter>Header Files\packets</Filter>
    </ClInclude>
    <ClInclude Include="..\..\src\map\packets\menu_raisetractor.h">
      <Filter>Header Files\packets</Filter>
    </ClInclude>
    <ClInclude Include="..\..\src\map\packets\merit_points_categories.h">
      <Filter>Header Files\packets</Filter>
    </ClInclude>
    <ClInclude Include="..\..\src\map\packets\message_basic.h">
      <Filter>Header Files\packets</Filter>
    </ClInclude>
    <ClInclude Include="..\..\src\map\packets\message_debug.h">
      <Filter>Header Files\packets</Filter>
    </ClInclude>
    <ClInclude Include="..\..\src\map\packets\message_special.h">
      <Filter>Header Files\packets</Filter>
    </ClInclude>
    <ClInclude Include="..\..\src\map\packets\message_standard.h">
      <Filter>Header Files\packets</Filter>
    </ClInclude>
    <ClInclude Include="..\..\src\map\packets\message_system.h">
      <Filter>Header Files\packets</Filter>
    </ClInclude>
    <ClInclude Include="..\..\src\map\packets\message_text.h">
      <Filter>Header Files\packets</Filter>
    </ClInclude>
    <ClInclude Include="..\..\src\map\packets\pet_sync.h">
      <Filter>Header Files\packets</Filter>
    </ClInclude>
    <ClInclude Include="..\..\src\map\packets\position.h">
      <Filter>Header Files\packets</Filter>
    </ClInclude>
    <ClInclude Include="..\..\src\map\packets\quest_mission_log.h">
      <Filter>Header Files\packets</Filter>
    </ClInclude>
    <ClInclude Include="..\..\src\map\packets\release.h">
      <Filter>Header Files\packets</Filter>
    </ClInclude>
    <ClInclude Include="..\..\src\map\packets\server_ip.h">
      <Filter>Header Files\packets</Filter>
    </ClInclude>
    <ClInclude Include="..\..\src\map\packets\server_message.h">
      <Filter>Header Files\packets</Filter>
    </ClInclude>
    <ClInclude Include="..\..\src\map\packets\shop_appraise.h">
      <Filter>Header Files\packets</Filter>
    </ClInclude>
    <ClInclude Include="..\..\src\map\packets\shop_buy.h">
      <Filter>Header Files\packets</Filter>
    </ClInclude>
    <ClInclude Include="..\..\src\map\packets\shop_items.h">
      <Filter>Header Files\packets</Filter>
    </ClInclude>
    <ClInclude Include="..\..\src\map\packets\shop_menu.h">
      <Filter>Header Files\packets</Filter>
    </ClInclude>
    <ClInclude Include="..\..\src\map\packets\stop_downloading.h">
      <Filter>Header Files\packets</Filter>
    </ClInclude>
    <ClInclude Include="..\..\src\map\packets\synth_animation.h">
      <Filter>Header Files\packets</Filter>
    </ClInclude>
    <ClInclude Include="..\..\src\map\packets\synth_message.h">
      <Filter>Header Files\packets</Filter>
    </ClInclude>
    <ClInclude Include="..\..\src\map\packets\treasure_find_item.h">
      <Filter>Header Files\packets</Filter>
    </ClInclude>
    <ClInclude Include="..\..\src\map\packets\treasure_lot_item.h">
      <Filter>Header Files\packets</Filter>
    </ClInclude>
    <ClInclude Include="..\..\src\map\packets\weather.h">
      <Filter>Header Files\packets</Filter>
    </ClInclude>
    <ClInclude Include="..\..\src\map\packets\wide_scan.h">
      <Filter>Header Files\packets</Filter>
    </ClInclude>
    <ClInclude Include="..\..\src\map\packets\wide_scan_track.h">
      <Filter>Header Files\packets</Filter>
    </ClInclude>
    <ClInclude Include="..\..\src\map\packets\zone_in.h">
      <Filter>Header Files\packets</Filter>
    </ClInclude>
    <ClInclude Include="..\..\src\map\packets\zone_visited.h">
      <Filter>Header Files\packets</Filter>
    </ClInclude>
    <ClInclude Include="..\..\src\map\universal_container.h">
      <Filter>Header Files</Filter>
    </ClInclude>
    <ClInclude Include="..\..\src\map\party.h">
      <Filter>Header Files</Filter>
    </ClInclude>
    <ClInclude Include="..\..\src\map\packets\caught_fish.h">
      <Filter>Header Files\packets</Filter>
    </ClInclude>
    <ClInclude Include="..\..\src\map\alliance.h">
      <Filter>Header Files</Filter>
    </ClInclude>
    <ClInclude Include="..\..\src\map\packets\party_invite.h">
      <Filter>Header Files\packets</Filter>
    </ClInclude>
    <ClInclude Include="..\..\src\map\packets\party_define.h">
      <Filter>Header Files\packets</Filter>
    </ClInclude>
    <ClInclude Include="..\..\src\map\packets\party_map.h">
      <Filter>Header Files\packets</Filter>
    </ClInclude>
    <ClInclude Include="..\..\src\map\packets\party_search.h">
      <Filter>Header Files\packets</Filter>
    </ClInclude>
    <ClInclude Include="..\..\src\map\packets\party_member_update.h">
      <Filter>Header Files\packets</Filter>
    </ClInclude>
    <ClInclude Include="..\..\src\map\packets\guild_menu.h">
      <Filter>Header Files\packets</Filter>
    </ClInclude>
    <ClInclude Include="resource.h">
      <Filter>Header Files</Filter>
    </ClInclude>
    <ClInclude Include="..\..\src\map\weapon_skill.h">
      <Filter>Header Files</Filter>
    </ClInclude>
    <ClInclude Include="..\..\src\map\items\item_shop.h">
      <Filter>Header Files\items</Filter>
    </ClInclude>
    <ClInclude Include="..\..\src\map\packets\guild_menu_buy.h">
      <Filter>Header Files\packets</Filter>
    </ClInclude>
    <ClInclude Include="..\..\src\map\packets\guild_menu_sell.h">
      <Filter>Header Files\packets</Filter>
    </ClInclude>
    <ClInclude Include="..\..\src\map\trait.h">
      <Filter>Header Files</Filter>
    </ClInclude>
    <ClInclude Include="..\..\src\map\packets\auction_house.h">
      <Filter>Header Files\packets</Filter>
    </ClInclude>
    <ClInclude Include="..\..\src\map\mobskill.h">
      <Filter>Header Files</Filter>
    </ClInclude>
    <ClInclude Include="..\..\src\map\lua\lua_region.h">
      <Filter>Header Files\lua</Filter>
    </ClInclude>
    <ClInclude Include="..\..\src\map\packets\world_pass.h">
      <Filter>Header Files\packets</Filter>
    </ClInclude>
    <ClInclude Include="..\..\src\map\packets\trade_action.h">
      <Filter>Header Files\packets</Filter>
    </ClInclude>
    <ClInclude Include="..\..\src\map\packets\trade_item.h">
      <Filter>Header Files\packets</Filter>
    </ClInclude>
    <ClInclude Include="..\..\src\map\packets\trade_request.h">
      <Filter>Header Files\packets</Filter>
    </ClInclude>
    <ClInclude Include="..\..\src\map\packets\trade_update.h">
      <Filter>Header Files\packets</Filter>
    </ClInclude>
    <ClInclude Include="..\..\src\map\linkshell.h">
      <Filter>Header Files</Filter>
    </ClInclude>
    <ClInclude Include="..\..\src\map\packets\linkshell_message.h">
      <Filter>Header Files\packets</Filter>
    </ClInclude>
    <ClInclude Include="..\..\src\map\packets\linkshell_equip.h">
      <Filter>Header Files\packets</Filter>
    </ClInclude>
    <ClInclude Include="..\..\src\map\packets\bazaar_purchase.h">
      <Filter>Header Files\packets</Filter>
    </ClInclude>
    <ClInclude Include="..\..\src\map\packets\bazaar_confirmation.h">
      <Filter>Header Files\packets</Filter>
    </ClInclude>
    <ClInclude Include="..\..\src\map\lua\lua_mobskill.h">
      <Filter>Header Files\lua</Filter>
    </ClInclude>
    <ClInclude Include="..\..\src\map\lua\lua_ability.h">
      <Filter>Header Files\lua</Filter>
    </ClInclude>
    <ClInclude Include="..\..\src\map\lua\lua_action.h">
      <Filter>Header Files\lua</Filter>
    </ClInclude>
    <ClInclude Include="..\..\src\map\recast_container.h">
      <Filter>Header Files</Filter>
    </ClInclude>
    <ClInclude Include="..\..\src\map\merit.h">
      <Filter>Header Files</Filter>
    </ClInclude>
    <ClInclude Include="..\..\src\map\latent_effect.h">
      <Filter>Header Files</Filter>
    </ClInclude>
    <ClInclude Include="..\..\src\map\latent_effect_container.h">
      <Filter>Header Files</Filter>
    </ClInclude>
    <ClInclude Include="..\..\src\map\mob_spell_list.h">
      <Filter>Header Files</Filter>
    </ClInclude>
    <ClInclude Include="..\..\src\map\mob_spell_container.h">
      <Filter>Header Files</Filter>
    </ClInclude>
    <ClInclude Include="..\..\src\map\items\item_fish.h">
      <Filter>Header Files\items</Filter>
    </ClInclude>
    <ClInclude Include="..\..\src\map\packets\guild_menu_buy_update.h">
      <Filter>Header Files\packets</Filter>
    </ClInclude>
    <ClInclude Include="..\..\src\map\packets\guild_menu_sell_update.h">
      <Filter>Header Files\packets</Filter>
    </ClInclude>
    <ClInclude Include="..\..\src\common\detour\DetourAlloc.h">
      <Filter>Header Files\common\detour</Filter>
    </ClInclude>
    <ClInclude Include="..\..\src\common\detour\DetourAssert.h">
      <Filter>Header Files\common\detour</Filter>
    </ClInclude>
    <ClInclude Include="..\..\src\common\detour\DetourCommon.h">
      <Filter>Header Files\common\detour</Filter>
    </ClInclude>
    <ClInclude Include="..\..\src\common\detour\DetourNavMesh.h">
      <Filter>Header Files\common\detour</Filter>
    </ClInclude>
    <ClInclude Include="..\..\src\common\detour\DetourNavMeshBuilder.h">
      <Filter>Header Files\common\detour</Filter>
    </ClInclude>
    <ClInclude Include="..\..\src\common\detour\DetourNavMeshQuery.h">
      <Filter>Header Files\common\detour</Filter>
    </ClInclude>
    <ClInclude Include="..\..\src\common\detour\DetourNode.h">
      <Filter>Header Files\common\detour</Filter>
    </ClInclude>
    <ClInclude Include="..\..\src\common\detour\DetourStatus.h">
      <Filter>Header Files\common\detour</Filter>
    </ClInclude>
    <ClInclude Include="..\..\src\common\recast\Recast.h">
      <Filter>Header Files\common\recast</Filter>
    </ClInclude>
    <ClInclude Include="..\..\src\common\recast\RecastAlloc.h">
      <Filter>Header Files\common\recast</Filter>
    </ClInclude>
    <ClInclude Include="..\..\src\common\recast\RecastAssert.h">
      <Filter>Header Files\common\recast</Filter>
    </ClInclude>
    <ClInclude Include="..\..\src\map\navmesh.h">
      <Filter>Header Files</Filter>
    </ClInclude>
    <ClInclude Include="..\..\src\map\blue_spell.h">
      <Filter>Header Files</Filter>
    </ClInclude>
    <ClInclude Include="..\..\src\map\ai\helpers\pathfind.h">
      <Filter>Header Files\ai\helpers</Filter>
    </ClInclude>
    <ClInclude Include="..\..\src\map\ai\helpers\targetfind.h">
      <Filter>Header Files\ai\helpers</Filter>
    </ClInclude>
    <ClInclude Include="..\..\src\map\entities\baseentity.h">
      <Filter>Header Files\entities</Filter>
    </ClInclude>
    <ClInclude Include="..\..\src\map\entities\battleentity.h">
      <Filter>Header Files\entities</Filter>
    </ClInclude>
    <ClInclude Include="..\..\src\map\entities\charentity.h">
      <Filter>Header Files\entities</Filter>
    </ClInclude>
    <ClInclude Include="..\..\src\map\entities\npcentity.h">
      <Filter>Header Files\entities</Filter>
    </ClInclude>
    <ClInclude Include="..\..\src\map\entities\petentity.h">
      <Filter>Header Files\entities</Filter>
    </ClInclude>
    <ClInclude Include="..\..\src\map\entities\mobentity.h">
      <Filter>Header Files\entities</Filter>
    </ClInclude>
    <ClInclude Include="..\..\src\map\utils\battleutils.h">
      <Filter>Header Files\utils</Filter>
    </ClInclude>
    <ClInclude Include="..\..\src\map\utils\attackutils.h">
      <Filter>Header Files\utils</Filter>
    </ClInclude>
    <ClInclude Include="..\..\src\map\utils\blueutils.h">
      <Filter>Header Files\utils</Filter>
    </ClInclude>
    <ClInclude Include="..\..\src\map\utils\charutils.h">
      <Filter>Header Files\utils</Filter>
    </ClInclude>
    <ClInclude Include="..\..\src\map\utils\fishingutils.h">
      <Filter>Header Files\utils</Filter>
    </ClInclude>
    <ClInclude Include="..\..\src\map\utils\guildutils.h">
      <Filter>Header Files\utils</Filter>
    </ClInclude>
    <ClInclude Include="..\..\src\map\utils\itemutils.h">
      <Filter>Header Files\utils</Filter>
    </ClInclude>
    <ClInclude Include="..\..\src\map\utils\jailutils.h">
      <Filter>Header Files\utils</Filter>
    </ClInclude>
    <ClInclude Include="..\..\src\map\utils\mobutils.h">
      <Filter>Header Files\utils</Filter>
    </ClInclude>
    <ClInclude Include="..\..\src\map\utils\petutils.h">
      <Filter>Header Files\utils</Filter>
    </ClInclude>
    <ClInclude Include="..\..\src\map\utils\synthutils.h">
      <Filter>Header Files\utils</Filter>
    </ClInclude>
    <ClInclude Include="..\..\src\map\utils\zoneutils.h">
      <Filter>Header Files\utils</Filter>
    </ClInclude>
    <ClInclude Include="..\..\src\map\ai\states\magic_state.h">
      <Filter>Header Files\ai\states</Filter>
    </ClInclude>
    <ClInclude Include="..\..\src\map\ai\states\state.h">
      <Filter>Header Files\ai\states</Filter>
    </ClInclude>
    <ClInclude Include="..\..\src\map\blue_trait.h">
      <Filter>Header Files</Filter>
    </ClInclude>
    <ClInclude Include="..\..\src\map\ai\states\ability_state.h">
      <Filter>Header Files\ai\states</Filter>
    </ClInclude>
    <ClInclude Include="..\..\src\map\ai\states\attack_state.h">
      <Filter>Header Files\ai\states</Filter>
    </ClInclude>
    <ClInclude Include="..\..\src\map\ai\states\item_state.h">
      <Filter>Header Files\ai\states</Filter>
    </ClInclude>
    <ClInclude Include="..\..\src\map\ai\states\mobskill_state.h">
      <Filter>Header Files\ai\states</Filter>
    </ClInclude>
    <ClInclude Include="..\..\src\map\ai\states\range_state.h">
      <Filter>Header Files\ai\states</Filter>
    </ClInclude>
    <ClInclude Include="..\..\src\map\ai\states\weaponskill_state.h">
      <Filter>Header Files\ai\states</Filter>
    </ClInclude>
    <ClInclude Include="..\..\src\map\packets\char_job_extra.h">
      <Filter>Header Files\packets</Filter>
    </ClInclude>
    <ClInclude Include="..\..\src\map\packets\event_string.h">
      <Filter>Header Files\packets</Filter>
    </ClInclude>
    <ClInclude Include="..\..\src\map\entities\automatonentity.h">
      <Filter>Header Files\entities</Filter>
    </ClInclude>
    <ClInclude Include="..\..\src\map\utils\puppetutils.h">
      <Filter>Header Files\utils</Filter>
    </ClInclude>
    <ClInclude Include="..\..\src\map\packets\entity_visual.h">
      <Filter>Header Files\packets</Filter>
    </ClInclude>
    <ClInclude Include="..\..\src\map\attack.h">
      <Filter>Header Files</Filter>
    </ClInclude>
    <ClInclude Include="..\..\src\map\attackround.h">
      <Filter>Header Files</Filter>
    </ClInclude>
    <ClInclude Include="..\..\src\map\utils\blacklistutils.h">
      <Filter>Header Files\utils</Filter>
    </ClInclude>
    <ClInclude Include="..\..\src\map\packets\blacklist.h">
      <Filter>Header Files\packets</Filter>
    </ClInclude>
    <ClInclude Include="..\..\src\common\dsprand.h">
      <Filter>Header Files</Filter>
    </ClInclude>
    <ClInclude Include="..\..\src\map\packets\synth_suggestion.h">
      <Filter>Header Files\packets</Filter>
    </ClInclude>
    <ClInclude Include="..\..\src\map\packets\synth_result.h">
      <Filter>Header Files\packets</Filter>
    </ClInclude>
    <ClInclude Include="..\..\src\map\zone_instance.h">
      <Filter>Header Files</Filter>
    </ClInclude>
    <ClInclude Include="..\..\src\map\utils\battlefieldutils.h">
      <Filter>Header Files\utils</Filter>
    </ClInclude>
    <ClInclude Include="..\..\src\map\battlefield_handler.h">
      <Filter>Header Files</Filter>
    </ClInclude>
    <ClInclude Include="..\..\src\map\battlefield.h">
      <Filter>Header Files</Filter>
    </ClInclude>
    <ClInclude Include="..\..\src\map\lua\lua_battlefield.h">
      <Filter>Header Files\lua</Filter>
    </ClInclude>
    <ClInclude Include="..\..\src\map\instance.h">
      <Filter>Header Files</Filter>
    </ClInclude>
    <ClInclude Include="..\..\src\map\zone_entities.h">
      <Filter>Header Files</Filter>
    </ClInclude>
    <ClInclude Include="..\..\src\map\lua\lua_instance.h">
      <Filter>Header Files\lua</Filter>
    </ClInclude>
    <ClInclude Include="..\..\src\map\packets\instance_entry.h">
      <Filter>Header Files\packets</Filter>
    </ClInclude>
    <ClInclude Include="..\..\src\map\instance_loader.h">
      <Filter>Header Files</Filter>
    </ClInclude>
    <ClInclude Include="..\..\src\map\utils\instanceutils.h">
      <Filter>Header Files\utils</Filter>
    </ClInclude>
    <ClInclude Include="..\..\src\map\packets\entity_animation.h">
      <Filter>Header Files\packets</Filter>
    </ClInclude>
    <ClInclude Include="..\..\src\map\packets\macroequipset.h">
      <Filter>Header Files\packets</Filter>
    </ClInclude>
    <ClInclude Include="..\..\src\map\message.h">
      <Filter>Header Files</Filter>
    </ClInclude>
    <ClInclude Include="..\..\src\map\lua\lua_item.h">
      <Filter>Header Files\lua</Filter>
    </ClInclude>
    <ClInclude Include="..\..\src\map\packets\currency1.h">
      <Filter>Header Files\packets</Filter>
    </ClInclude>
    <ClInclude Include="..\..\src\map\packets\currency2.h">
      <Filter>Header Files\packets</Filter>
    </ClInclude>
    <ClInclude Include="..\..\src\map\packets\char_recast.h">
      <Filter>Header Files\packets</Filter>
    </ClInclude>
    <ClInclude Include="..\..\src\map\guild.h">
      <Filter>Header Files</Filter>
    </ClInclude>
    <ClInclude Include="..\..\src\common\marshal\string.h">
      <Filter>Header Files\common\marshal</Filter>
    </ClInclude>
    <ClInclude Include="..\..\src\map\packets\status_effects.h">
      <Filter>Header Files\packets</Filter>
    </ClInclude>
    <ClInclude Include="..\..\src\map\packets\party_effects.h">
      <Filter>Header Files</Filter>
    </ClInclude>
    <ClInclude Include="..\..\src\map\ai\helpers\event_handler.h">
      <Filter>Header Files\ai\helpers</Filter>
    </ClInclude>
    <ClInclude Include="..\..\src\map\ai\helpers\action_queue.h">
      <Filter>Header Files\ai\helpers</Filter>
    </ClInclude>
    <ClInclude Include="..\..\src\map\ai\states\trigger_state.h">
      <Filter>Header Files\ai\states</Filter>
    </ClInclude>
    <ClInclude Include="..\..\src\map\ai\controllers\controller.h">
      <Filter>Header Files\ai\controllers</Filter>
    </ClInclude>
    <ClInclude Include="..\..\src\map\ai\controllers\player_controller.h">
      <Filter>Header Files\ai\controllers</Filter>
    </ClInclude>
    <ClInclude Include="..\..\src\map\ai\states\despawn_state.h">
      <Filter>Header Files\ai\states</Filter>
    </ClInclude>
    <ClInclude Include="..\..\src\map\ai\states\death_state.h">
      <Filter>Header Files\ai\states</Filter>
    </ClInclude>
    <ClInclude Include="..\..\src\map\ai\states\raise_state.h">
      <Filter>Header Files\ai\states</Filter>
    </ClInclude>
    <ClInclude Include="..\..\src\map\ai\controllers\pet_controller.h">
      <Filter>Header Files</Filter>
    </ClInclude>
    <ClInclude Include="..\..\src\map\ai\ai_container.h">
      <Filter>Header Files\ai</Filter>
    </ClInclude>
    <ClInclude Include="..\..\src\map\ai\controllers\player_charm_controller.h">
      <Filter>Header Files\ai\controllers</Filter>
    </ClInclude>
    <ClInclude Include="..\..\src\map\ai\states\inactive_state.h">
      <Filter>Header Files\ai\states</Filter>
    </ClInclude>
    <ClInclude Include="..\..\src\map\ai\controllers\mob_controller.h">
      <Filter>Header Files\ai\controllers</Filter>
    </ClInclude>
    <ClInclude Include="..\..\src\map\ai\controllers\automaton_controller.h">
      <Filter>Header Files</Filter>
    </ClInclude>
  </ItemGroup>
  <ItemGroup>
    <ClCompile Include="..\..\src\map\ability.cpp">
      <Filter>Source Files</Filter>
    </ClCompile>
    <ClCompile Include="..\..\src\map\commandhandler.cpp">
      <Filter>Source Files</Filter>
    </ClCompile>
    <ClCompile Include="..\..\src\map\conquest_system.cpp">
      <Filter>Source Files</Filter>
    </ClCompile>
    <ClCompile Include="..\..\src\map\enmity_container.cpp">
      <Filter>Source Files</Filter>
    </ClCompile>
    <ClCompile Include="..\..\src\map\grades.cpp">
      <Filter>Source Files</Filter>
    </ClCompile>
    <ClCompile Include="..\..\src\map\item_container.cpp">
      <Filter>Source Files</Filter>
    </ClCompile>
    <ClCompile Include="..\..\src\map\map.cpp">
      <Filter>Source Files</Filter>
    </ClCompile>
    <ClCompile Include="..\..\src\map\modifier.cpp">
      <Filter>Source Files</Filter>
    </ClCompile>
    <ClCompile Include="..\..\src\map\packet_system.cpp">
      <Filter>Source Files</Filter>
    </ClCompile>
    <ClCompile Include="..\..\src\map\region.cpp">
      <Filter>Source Files</Filter>
    </ClCompile>
    <ClCompile Include="..\..\src\map\spell.cpp">
      <Filter>Source Files</Filter>
    </ClCompile>
    <ClCompile Include="..\..\src\map\status_effect.cpp">
      <Filter>Source Files</Filter>
    </ClCompile>
    <ClCompile Include="..\..\src\map\status_effect_container.cpp">
      <Filter>Source Files</Filter>
    </ClCompile>
    <ClCompile Include="..\..\src\map\time_server.cpp">
      <Filter>Source Files</Filter>
    </ClCompile>
    <ClCompile Include="..\..\src\map\trade_container.cpp">
      <Filter>Source Files</Filter>
    </ClCompile>
    <ClCompile Include="..\..\src\map\transport.cpp">
      <Filter>Source Files</Filter>
    </ClCompile>
    <ClCompile Include="..\..\src\map\treasure_pool.cpp">
      <Filter>Source Files</Filter>
    </ClCompile>
    <ClCompile Include="..\..\src\map\vana_time.cpp">
      <Filter>Source Files</Filter>
    </ClCompile>
    <ClCompile Include="..\..\src\map\zone.cpp">
      <Filter>Source Files</Filter>
    </ClCompile>
    <ClCompile Include="..\..\src\common\blowfish.cpp">
      <Filter>Source Files\common</Filter>
    </ClCompile>
    <ClCompile Include="..\..\src\common\kernel.cpp">
      <Filter>Source Files\common</Filter>
    </ClCompile>
    <ClCompile Include="..\..\src\common\malloc.cpp">
      <Filter>Source Files\common</Filter>
    </ClCompile>
    <ClCompile Include="..\..\src\common\md52.cpp">
      <Filter>Source Files\common</Filter>
    </ClCompile>
    <ClCompile Include="..\..\src\common\showmsg.cpp">
      <Filter>Source Files\common</Filter>
    </ClCompile>
    <ClCompile Include="..\..\src\common\socket.cpp">
      <Filter>Source Files\common</Filter>
    </ClCompile>
    <ClCompile Include="..\..\src\common\sql.cpp">
      <Filter>Source Files\common</Filter>
    </ClCompile>
    <ClCompile Include="..\..\src\common\strlib.cpp">
      <Filter>Source Files\common</Filter>
    </ClCompile>
    <ClCompile Include="..\..\src\common\taskmgr.cpp">
      <Filter>Source Files\common</Filter>
    </ClCompile>
    <ClCompile Include="..\..\src\common\timer.cpp">
      <Filter>Source Files\common</Filter>
    </ClCompile>
    <ClCompile Include="..\..\src\common\utils.cpp">
      <Filter>Source Files\common</Filter>
    </ClCompile>
    <ClCompile Include="..\..\src\common\zlib.cpp">
      <Filter>Source Files\common</Filter>
    </ClCompile>
    <ClCompile Include="..\..\src\map\items\item.cpp">
      <Filter>Source Files\items</Filter>
    </ClCompile>
    <ClCompile Include="..\..\src\map\items\item_armor.cpp">
      <Filter>Source Files\items</Filter>
    </ClCompile>
    <ClCompile Include="..\..\src\map\items\item_currency.cpp">
      <Filter>Source Files\items</Filter>
    </ClCompile>
    <ClCompile Include="..\..\src\map\items\item_furnishing.cpp">
      <Filter>Source Files\items</Filter>
    </ClCompile>
    <ClCompile Include="..\..\src\map\items\item_general.cpp">
      <Filter>Source Files\items</Filter>
    </ClCompile>
    <ClCompile Include="..\..\src\map\items\item_linkshell.cpp">
      <Filter>Source Files\items</Filter>
    </ClCompile>
    <ClCompile Include="..\..\src\map\items\item_puppet.cpp">
      <Filter>Source Files\items</Filter>
    </ClCompile>
    <ClCompile Include="..\..\src\map\items\item_usable.cpp">
      <Filter>Source Files\items</Filter>
    </ClCompile>
    <ClCompile Include="..\..\src\map\items\item_weapon.cpp">
      <Filter>Source Files\items</Filter>
    </ClCompile>
    <ClCompile Include="..\..\src\map\lua\lua_baseentity.cpp">
      <Filter>Source Files\lua</Filter>
    </ClCompile>
    <ClCompile Include="..\..\src\map\lua\lua_spell.cpp">
      <Filter>Source Files\lua</Filter>
    </ClCompile>
    <ClCompile Include="..\..\src\map\lua\lua_statuseffect.cpp">
      <Filter>Source Files\lua</Filter>
    </ClCompile>
    <ClCompile Include="..\..\src\map\lua\lua_trade_container.cpp">
      <Filter>Source Files\lua</Filter>
    </ClCompile>
    <ClCompile Include="..\..\src\map\lua\lua_zone.cpp">
      <Filter>Source Files\lua</Filter>
    </ClCompile>
    <ClCompile Include="..\..\src\map\lua\luautils.cpp">
      <Filter>Source Files\lua</Filter>
    </ClCompile>
    <ClCompile Include="..\..\src\map\packets\action.cpp">
      <Filter>Source Files\packets</Filter>
    </ClCompile>
    <ClCompile Include="..\..\src\map\packets\bazaar_check.cpp">
      <Filter>Source Files\packets</Filter>
    </ClCompile>
    <ClCompile Include="..\..\src\map\packets\bazaar_close.cpp">
      <Filter>Source Files\packets</Filter>
    </ClCompile>
    <ClCompile Include="..\..\src\map\packets\bazaar_item.cpp">
      <Filter>Source Files\packets</Filter>
    </ClCompile>
    <ClCompile Include="..\..\src\map\packets\bazaar_message.cpp">
      <Filter>Source Files\packets</Filter>
    </ClCompile>
    <ClCompile Include="..\..\src\map\packets\campaing_map.cpp">
      <Filter>Source Files\packets</Filter>
    </ClCompile>
    <ClCompile Include="..\..\src\map\packets\char.cpp">
      <Filter>Source Files\packets</Filter>
    </ClCompile>
    <ClCompile Include="..\..\src\map\packets\char_abilities.cpp">
      <Filter>Source Files\packets</Filter>
    </ClCompile>
    <ClCompile Include="..\..\src\map\packets\char_appearance.cpp">
      <Filter>Source Files\packets</Filter>
    </ClCompile>
    <ClCompile Include="..\..\src\map\packets\char_check.cpp">
      <Filter>Source Files\packets</Filter>
    </ClCompile>
    <ClCompile Include="..\..\src\map\packets\char_emotion.cpp">
      <Filter>Source Files\packets</Filter>
    </ClCompile>
    <ClCompile Include="..\..\src\map\packets\char_equip.cpp">
      <Filter>Source Files\packets</Filter>
    </ClCompile>
    <ClCompile Include="..\..\src\map\packets\char_health.cpp">
      <Filter>Source Files\packets</Filter>
    </ClCompile>
    <ClCompile Include="..\..\src\map\packets\char_jobs.cpp">
      <Filter>Source Files\packets</Filter>
    </ClCompile>
    <ClCompile Include="..\..\src\map\packets\char_skills.cpp">
      <Filter>Source Files\packets</Filter>
    </ClCompile>
    <ClCompile Include="..\..\src\map\packets\char_spells.cpp">
      <Filter>Source Files\packets</Filter>
    </ClCompile>
    <ClCompile Include="..\..\src\map\packets\char_stats.cpp">
      <Filter>Source Files\packets</Filter>
    </ClCompile>
    <ClCompile Include="..\..\src\map\packets\char_sync.cpp">
      <Filter>Source Files\packets</Filter>
    </ClCompile>
    <ClCompile Include="..\..\src\map\packets\char_update.cpp">
      <Filter>Source Files\packets</Filter>
    </ClCompile>
    <ClCompile Include="..\..\src\map\packets\chat_message.cpp">
      <Filter>Source Files\packets</Filter>
    </ClCompile>
    <ClCompile Include="..\..\src\map\packets\chocobo_digging.cpp">
      <Filter>Source Files\packets</Filter>
    </ClCompile>
    <ClCompile Include="..\..\src\map\packets\change_music.cpp">
      <Filter>Source Files\packets</Filter>
    </ClCompile>
    <ClCompile Include="..\..\src\map\packets\conquest_map.cpp">
      <Filter>Source Files\packets</Filter>
    </ClCompile>
    <ClCompile Include="..\..\src\map\packets\cs_position.cpp">
      <Filter>Source Files\packets</Filter>
    </ClCompile>
    <ClCompile Include="..\..\src\map\packets\delivery_box.cpp">
      <Filter>Source Files\packets</Filter>
    </ClCompile>
    <ClCompile Include="..\..\src\map\packets\downloading_data.cpp">
      <Filter>Source Files\packets</Filter>
    </ClCompile>
    <ClCompile Include="..\..\src\map\packets\entity_update.cpp">
      <Filter>Source Files\packets</Filter>
    </ClCompile>
    <ClCompile Include="..\..\src\map\packets\event.cpp">
      <Filter>Source Files\packets</Filter>
    </ClCompile>
    <ClCompile Include="..\..\src\map\packets\event_update.cpp">
      <Filter>Source Files\packets</Filter>
    </ClCompile>
    <ClCompile Include="..\..\src\map\packets\fishing.cpp">
      <Filter>Source Files\packets</Filter>
    </ClCompile>
    <ClCompile Include="..\..\src\map\packets\inventory_assign.cpp">
      <Filter>Source Files\packets</Filter>
    </ClCompile>
    <ClCompile Include="..\..\src\map\packets\inventory_finish.cpp">
      <Filter>Source Files\packets</Filter>
    </ClCompile>
    <ClCompile Include="..\..\src\map\packets\inventory_item.cpp">
      <Filter>Source Files\packets</Filter>
    </ClCompile>
    <ClCompile Include="..\..\src\map\packets\inventory_modify.cpp">
      <Filter>Source Files\packets</Filter>
    </ClCompile>
    <ClCompile Include="..\..\src\map\packets\inventory_size.cpp">
      <Filter>Source Files\packets</Filter>
    </ClCompile>
    <ClCompile Include="..\..\src\map\packets\key_items.cpp">
      <Filter>Source Files\packets</Filter>
    </ClCompile>
    <ClCompile Include="..\..\src\map\packets\lock_on.cpp">
      <Filter>Source Files\packets</Filter>
    </ClCompile>
    <ClCompile Include="..\..\src\map\packets\menu_config.cpp">
      <Filter>Source Files\packets</Filter>
    </ClCompile>
    <ClCompile Include="..\..\src\map\packets\menu_merit.cpp">
      <Filter>Source Files\packets</Filter>
    </ClCompile>
    <ClCompile Include="..\..\src\map\packets\menu_mog.cpp">
      <Filter>Source Files\packets</Filter>
    </ClCompile>
    <ClCompile Include="..\..\src\map\packets\menu_raisetractor.cpp">
      <Filter>Source Files\packets</Filter>
    </ClCompile>
    <ClCompile Include="..\..\src\map\packets\merit_points_categories.cpp">
      <Filter>Source Files\packets</Filter>
    </ClCompile>
    <ClCompile Include="..\..\src\map\packets\message_basic.cpp">
      <Filter>Source Files\packets</Filter>
    </ClCompile>
    <ClCompile Include="..\..\src\map\packets\message_debug.cpp">
      <Filter>Source Files\packets</Filter>
    </ClCompile>
    <ClCompile Include="..\..\src\map\packets\message_special.cpp">
      <Filter>Source Files\packets</Filter>
    </ClCompile>
    <ClCompile Include="..\..\src\map\packets\message_standard.cpp">
      <Filter>Source Files\packets</Filter>
    </ClCompile>
    <ClCompile Include="..\..\src\map\packets\message_system.cpp">
      <Filter>Source Files\packets</Filter>
    </ClCompile>
    <ClCompile Include="..\..\src\map\packets\message_text.cpp">
      <Filter>Source Files\packets</Filter>
    </ClCompile>
    <ClCompile Include="..\..\src\map\packets\pet_sync.cpp">
      <Filter>Source Files\packets</Filter>
    </ClCompile>
    <ClCompile Include="..\..\src\map\packets\position.cpp">
      <Filter>Source Files\packets</Filter>
    </ClCompile>
    <ClCompile Include="..\..\src\map\packets\quest_mission_log.cpp">
      <Filter>Source Files\packets</Filter>
    </ClCompile>
    <ClCompile Include="..\..\src\map\packets\release.cpp">
      <Filter>Source Files\packets</Filter>
    </ClCompile>
    <ClCompile Include="..\..\src\map\packets\server_ip.cpp">
      <Filter>Source Files\packets</Filter>
    </ClCompile>
    <ClCompile Include="..\..\src\map\packets\server_message.cpp">
      <Filter>Source Files\packets</Filter>
    </ClCompile>
    <ClCompile Include="..\..\src\map\packets\shop_appraise.cpp">
      <Filter>Source Files\packets</Filter>
    </ClCompile>
    <ClCompile Include="..\..\src\map\packets\shop_buy.cpp">
      <Filter>Source Files\packets</Filter>
    </ClCompile>
    <ClCompile Include="..\..\src\map\packets\shop_items.cpp">
      <Filter>Source Files\packets</Filter>
    </ClCompile>
    <ClCompile Include="..\..\src\map\packets\shop_menu.cpp">
      <Filter>Source Files\packets</Filter>
    </ClCompile>
    <ClCompile Include="..\..\src\map\packets\stop_downloading.cpp">
      <Filter>Source Files\packets</Filter>
    </ClCompile>
    <ClCompile Include="..\..\src\map\packets\synth_animation.cpp">
      <Filter>Source Files\packets</Filter>
    </ClCompile>
    <ClCompile Include="..\..\src\map\packets\synth_message.cpp">
      <Filter>Source Files\packets</Filter>
    </ClCompile>
    <ClCompile Include="..\..\src\map\packets\treasure_find_item.cpp">
      <Filter>Source Files\packets</Filter>
    </ClCompile>
    <ClCompile Include="..\..\src\map\packets\treasure_lot_item.cpp">
      <Filter>Source Files\packets</Filter>
    </ClCompile>
    <ClCompile Include="..\..\src\map\packets\weather.cpp">
      <Filter>Source Files\packets</Filter>
    </ClCompile>
    <ClCompile Include="..\..\src\map\packets\wide_scan.cpp">
      <Filter>Source Files\packets</Filter>
    </ClCompile>
    <ClCompile Include="..\..\src\map\packets\wide_scan_track.cpp">
      <Filter>Source Files\packets</Filter>
    </ClCompile>
    <ClCompile Include="..\..\src\map\packets\zone_in.cpp">
      <Filter>Source Files\packets</Filter>
    </ClCompile>
    <ClCompile Include="..\..\src\map\packets\zone_visited.cpp">
      <Filter>Source Files\packets</Filter>
    </ClCompile>
    <ClCompile Include="..\..\src\map\universal_container.cpp">
      <Filter>Source Files</Filter>
    </ClCompile>
    <ClCompile Include="..\..\src\map\party.cpp">
      <Filter>Source Files</Filter>
    </ClCompile>
    <ClCompile Include="..\..\src\map\packets\caught_fish.cpp">
      <Filter>Source Files\packets</Filter>
    </ClCompile>
    <ClCompile Include="..\..\src\map\alliance.cpp">
      <Filter>Source Files</Filter>
    </ClCompile>
    <ClCompile Include="..\..\src\map\packets\party_invite.cpp">
      <Filter>Source Files\packets</Filter>
    </ClCompile>
    <ClCompile Include="..\..\src\map\packets\party_define.cpp">
      <Filter>Source Files\packets</Filter>
    </ClCompile>
    <ClCompile Include="..\..\src\map\packets\party_map.cpp">
      <Filter>Source Files\packets</Filter>
    </ClCompile>
    <ClCompile Include="..\..\src\map\packets\party_search.cpp">
      <Filter>Source Files\packets</Filter>
    </ClCompile>
    <ClCompile Include="..\..\src\map\packets\party_member_update.cpp">
      <Filter>Source Files\packets</Filter>
    </ClCompile>
    <ClCompile Include="..\..\src\map\packets\guild_menu.cpp">
      <Filter>Source Files\packets</Filter>
    </ClCompile>
    <ClCompile Include="..\..\src\map\weapon_skill.cpp">
      <Filter>Source Files</Filter>
    </ClCompile>
    <ClCompile Include="..\..\src\map\items\item_shop.cpp">
      <Filter>Source Files\items</Filter>
    </ClCompile>
    <ClCompile Include="..\..\src\map\packets\guild_menu_buy.cpp">
      <Filter>Source Files\packets</Filter>
    </ClCompile>
    <ClCompile Include="..\..\src\map\packets\guild_menu_sell.cpp">
      <Filter>Source Files\packets</Filter>
    </ClCompile>
    <ClCompile Include="..\..\src\map\trait.cpp">
      <Filter>Source Files</Filter>
    </ClCompile>
    <ClCompile Include="..\..\src\map\packets\auction_house.cpp">
      <Filter>Source Files\packets</Filter>
    </ClCompile>
    <ClCompile Include="..\..\src\map\mobskill.cpp">
      <Filter>Source Files</Filter>
    </ClCompile>
    <ClCompile Include="..\..\src\map\lua\lua_region.cpp">
      <Filter>Source Files\lua</Filter>
    </ClCompile>
    <ClCompile Include="..\..\src\map\packets\world_pass.cpp">
      <Filter>Source Files\packets</Filter>
    </ClCompile>
    <ClCompile Include="..\..\src\map\packets\trade_action.cpp">
      <Filter>Source Files\packets</Filter>
    </ClCompile>
    <ClCompile Include="..\..\src\map\packets\trade_item.cpp">
      <Filter>Source Files\packets</Filter>
    </ClCompile>
    <ClCompile Include="..\..\src\map\packets\trade_request.cpp">
      <Filter>Source Files\packets</Filter>
    </ClCompile>
    <ClCompile Include="..\..\src\map\packets\trade_update.cpp">
      <Filter>Source Files\packets</Filter>
    </ClCompile>
    <ClCompile Include="..\..\src\map\linkshell.cpp">
      <Filter>Source Files</Filter>
    </ClCompile>
    <ClCompile Include="..\..\src\map\packets\linkshell_message.cpp">
      <Filter>Source Files\packets</Filter>
    </ClCompile>
    <ClCompile Include="..\..\src\map\packets\linkshell_equip.cpp">
      <Filter>Source Files\packets</Filter>
    </ClCompile>
    <ClCompile Include="..\..\src\map\packets\bazaar_purchase.cpp">
      <Filter>Source Files\packets</Filter>
    </ClCompile>
    <ClCompile Include="..\..\src\map\packets\bazaar_confirmation.cpp">
      <Filter>Source Files\packets</Filter>
    </ClCompile>
    <ClCompile Include="..\..\src\map\lua\lua_mobskill.cpp">
      <Filter>Source Files\lua</Filter>
    </ClCompile>
    <ClCompile Include="..\..\src\map\lua\lua_ability.cpp">
      <Filter>Source Files\lua</Filter>
    </ClCompile>
    <ClCompile Include="..\..\src\map\lua\lua_action.cpp">
      <Filter>Source Files\lua</Filter>
    </ClCompile>
    <ClCompile Include="..\..\src\map\recast_container.cpp">
      <Filter>Source Files</Filter>
    </ClCompile>
    <ClCompile Include="..\..\src\map\merit.cpp">
      <Filter>Source Files</Filter>
    </ClCompile>
    <ClCompile Include="..\..\src\map\latent_effect_container.cpp">
      <Filter>Source Files</Filter>
    </ClCompile>
    <ClCompile Include="..\..\src\map\latent_effect.cpp">
      <Filter>Source Files</Filter>
    </ClCompile>
    <ClCompile Include="..\..\src\map\mob_spell_list.cpp">
      <Filter>Source Files</Filter>
    </ClCompile>
    <ClCompile Include="..\..\src\map\mob_spell_container.cpp">
      <Filter>Source Files</Filter>
    </ClCompile>
    <ClCompile Include="..\..\src\map\items\item_fish.cpp">
      <Filter>Source Files\items</Filter>
    </ClCompile>
    <ClCompile Include="..\..\src\map\packets\guild_menu_buy_update.cpp">
      <Filter>Source Files\packets</Filter>
    </ClCompile>
    <ClCompile Include="..\..\src\map\packets\guild_menu_sell_update.cpp">
      <Filter>Source Files\packets</Filter>
    </ClCompile>
    <ClCompile Include="..\..\src\common\detour\DetourAlloc.cpp">
      <Filter>Source Files\common\detour</Filter>
    </ClCompile>
    <ClCompile Include="..\..\src\common\detour\DetourCommon.cpp">
      <Filter>Source Files\common\detour</Filter>
    </ClCompile>
    <ClCompile Include="..\..\src\common\detour\DetourNavMesh.cpp">
      <Filter>Source Files\common\detour</Filter>
    </ClCompile>
    <ClCompile Include="..\..\src\common\detour\DetourNavMeshBuilder.cpp">
      <Filter>Source Files\common\detour</Filter>
    </ClCompile>
    <ClCompile Include="..\..\src\common\detour\DetourNavMeshQuery.cpp">
      <Filter>Source Files\common\detour</Filter>
    </ClCompile>
    <ClCompile Include="..\..\src\common\detour\DetourNode.cpp">
      <Filter>Source Files\common\detour</Filter>
    </ClCompile>
    <ClCompile Include="..\..\src\map\navmesh.cpp">
      <Filter>Source Files</Filter>
    </ClCompile>
    <ClCompile Include="..\..\src\map\blue_spell.cpp">
      <Filter>Source Files</Filter>
    </ClCompile>
    <ClCompile Include="..\..\src\map\ai\helpers\pathfind.cpp">
      <Filter>Source Files\ai\helpers</Filter>
    </ClCompile>
    <ClCompile Include="..\..\src\map\ai\helpers\targetfind.cpp">
      <Filter>Source Files\ai\helpers</Filter>
    </ClCompile>
    <ClCompile Include="..\..\src\map\entities\baseentity.cpp">
      <Filter>Source Files\entities</Filter>
    </ClCompile>
    <ClCompile Include="..\..\src\map\entities\battleentity.cpp">
      <Filter>Source Files\entities</Filter>
    </ClCompile>
    <ClCompile Include="..\..\src\map\entities\charentity.cpp">
      <Filter>Source Files\entities</Filter>
    </ClCompile>
    <ClCompile Include="..\..\src\map\entities\npcentity.cpp">
      <Filter>Source Files\entities</Filter>
    </ClCompile>
    <ClCompile Include="..\..\src\map\entities\petentity.cpp">
      <Filter>Source Files\entities</Filter>
    </ClCompile>
    <ClCompile Include="..\..\src\map\entities\mobentity.cpp">
      <Filter>Source Files\entities</Filter>
    </ClCompile>
    <ClCompile Include="..\..\src\map\utils\battleutils.cpp">
      <Filter>Source Files\utils</Filter>
    </ClCompile>
    <ClCompile Include="..\..\src\map\utils\charutils.cpp">
      <Filter>Source Files\utils</Filter>
    </ClCompile>
    <ClCompile Include="..\..\src\map\utils\zoneutils.cpp">
      <Filter>Source Files\utils</Filter>
    </ClCompile>
    <ClCompile Include="..\..\src\map\utils\itemutils.cpp">
      <Filter>Source Files\utils</Filter>
    </ClCompile>
    <ClCompile Include="..\..\src\map\utils\jailutils.cpp">
      <Filter>Source Files\utils</Filter>
    </ClCompile>
    <ClCompile Include="..\..\src\map\utils\petutils.cpp">
      <Filter>Source Files\utils</Filter>
    </ClCompile>
    <ClCompile Include="..\..\src\map\utils\blueutils.cpp">
      <Filter>Source Files\utils</Filter>
    </ClCompile>
    <ClCompile Include="..\..\src\map\utils\attackutils.cpp">
      <Filter>Source Files\utils</Filter>
    </ClCompile>
    <ClCompile Include="..\..\src\map\utils\mobutils.cpp">
      <Filter>Source Files\utils</Filter>
    </ClCompile>
    <ClCompile Include="..\..\src\map\utils\synthutils.cpp">
      <Filter>Source Files\utils</Filter>
    </ClCompile>
    <ClCompile Include="..\..\src\map\utils\fishingutils.cpp">
      <Filter>Source Files\utils</Filter>
    </ClCompile>
    <ClCompile Include="..\..\src\map\utils\guildutils.cpp">
      <Filter>Source Files\utils</Filter>
    </ClCompile>
    <ClCompile Include="..\..\src\map\ai\states\magic_state.cpp">
      <Filter>Source Files\ai\states</Filter>
    </ClCompile>
    <ClCompile Include="..\..\src\map\blue_trait.cpp">
      <Filter>Source Files</Filter>
    </ClCompile>
    <ClCompile Include="..\..\src\map\ai\states\ability_state.cpp">
      <Filter>Source Files\ai\states</Filter>
    </ClCompile>
    <ClCompile Include="..\..\src\map\ai\states\attack_state.cpp">
      <Filter>Source Files\ai\states</Filter>
    </ClCompile>
    <ClCompile Include="..\..\src\map\ai\states\item_state.cpp">
      <Filter>Source Files\ai\states</Filter>
    </ClCompile>
    <ClCompile Include="..\..\src\map\ai\states\mobskill_state.cpp">
      <Filter>Source Files\ai\states</Filter>
    </ClCompile>
    <ClCompile Include="..\..\src\map\ai\states\range_state.cpp">
      <Filter>Source Files\ai\states</Filter>
    </ClCompile>
    <ClCompile Include="..\..\src\map\ai\states\weaponskill_state.cpp">
      <Filter>Source Files\ai\states</Filter>
    </ClCompile>
    <ClCompile Include="..\..\src\map\packets\char_job_extra.cpp">
      <Filter>Source Files\packets</Filter>
    </ClCompile>
    <ClCompile Include="..\..\src\map\packets\event_string.cpp">
      <Filter>Source Files\packets</Filter>
    </ClCompile>
    <ClCompile Include="..\..\src\map\utils\puppetutils.cpp">
      <Filter>Source Files\utils</Filter>
    </ClCompile>
    <ClCompile Include="..\..\src\map\entities\automatonentity.cpp">
      <Filter>Source Files\entities</Filter>
    </ClCompile>
    <ClCompile Include="..\..\src\map\packets\entity_visual.cpp">
      <Filter>Source Files\packets</Filter>
    </ClCompile>
    <ClCompile Include="..\..\src\map\attack.cpp">
      <Filter>Source Files</Filter>
    </ClCompile>
    <ClCompile Include="..\..\src\map\attackround.cpp">
      <Filter>Source Files</Filter>
    </ClCompile>
    <ClCompile Include="..\..\src\map\utils\blacklistutils.cpp">
      <Filter>Source Files\utils</Filter>
    </ClCompile>
    <ClCompile Include="..\..\src\map\packets\blacklist.cpp">
      <Filter>Source Files\packets</Filter>
    </ClCompile>
    <ClCompile Include="..\..\src\map\packets\synth_suggestion.cpp">
      <Filter>Source Files\packets</Filter>
    </ClCompile>
    <ClCompile Include="..\..\src\map\packets\synth_result.cpp">
      <Filter>Source Files\packets</Filter>
    </ClCompile>
    <ClCompile Include="..\..\src\map\zone_instance.cpp">
      <Filter>Source Files</Filter>
    </ClCompile>
    <ClCompile Include="..\..\src\map\utils\battlefieldutils.cpp">
      <Filter>Source Files\utils</Filter>
    </ClCompile>
    <ClCompile Include="..\..\src\map\battlefield.cpp">
      <Filter>Source Files</Filter>
    </ClCompile>
    <ClCompile Include="..\..\src\map\battlefield_handler.cpp">
      <Filter>Source Files</Filter>
    </ClCompile>
    <ClCompile Include="..\..\src\map\lua\lua_battlefield.cpp">
      <Filter>Source Files\lua</Filter>
    </ClCompile>
    <ClCompile Include="..\..\src\map\instance.cpp">
      <Filter>Source Files</Filter>
    </ClCompile>
    <ClCompile Include="..\..\src\map\zone_entities.cpp">
      <Filter>Source Files</Filter>
    </ClCompile>
    <ClCompile Include="..\..\src\map\lua\lua_instance.cpp">
      <Filter>Source Files\lua</Filter>
    </ClCompile>
    <ClCompile Include="..\..\src\map\packets\instance_entry.cpp">
      <Filter>Source Files\packets</Filter>
    </ClCompile>
    <ClCompile Include="..\..\src\map\instance_loader.cpp">
      <Filter>Source Files</Filter>
    </ClCompile>
    <ClCompile Include="..\..\src\map\utils\instanceutils.cpp">
      <Filter>Source Files\utils</Filter>
    </ClCompile>
    <ClCompile Include="..\..\src\map\packets\entity_animation.cpp">
      <Filter>Source Files\packets</Filter>
    </ClCompile>
    <ClCompile Include="..\..\src\map\packets\macroequipset.cpp">
      <Filter>Source Files\packets</Filter>
    </ClCompile>
    <ClCompile Include="..\..\src\map\message.cpp">
      <Filter>Source Files</Filter>
    </ClCompile>
    <ClCompile Include="..\..\src\map\lua\lua_item.cpp">
      <Filter>Source Files\lua</Filter>
    </ClCompile>
    <ClCompile Include="..\..\src\map\packets\currency1.cpp">
      <Filter>Source Files\packets</Filter>
    </ClCompile>
    <ClCompile Include="..\..\src\map\packets\currency2.cpp">
      <Filter>Source Files\packets</Filter>
    </ClCompile>
    <ClCompile Include="..\..\src\map\packets\char_recast.cpp">
      <Filter>Source Files\packets</Filter>
    </ClCompile>
    <ClCompile Include="..\..\src\map\guild.cpp">
      <Filter>Source Files</Filter>
    </ClCompile>
    <ClCompile Include="..\..\src\map\packets\status_effects.cpp">
      <Filter>Source Files</Filter>
    </ClCompile>
    <ClCompile Include="..\..\src\map\packets\party_effects.cpp">
      <Filter>Source Files</Filter>
    </ClCompile>
    <ClCompile Include="..\..\src\map\ai\helpers\event_handler.cpp">
      <Filter>Source Files\ai\helpers</Filter>
    </ClCompile>
    <ClCompile Include="..\..\src\map\ai\helpers\action_queue.cpp">
      <Filter>Source Files\ai\helpers</Filter>
    </ClCompile>
    <ClCompile Include="..\..\src\map\ai\states\trigger_state.cpp">
      <Filter>Source Files\ai\states</Filter>
    </ClCompile>
    <ClCompile Include="..\..\src\map\ai\states\state.cpp">
      <Filter>Source Files\ai\states</Filter>
    </ClCompile>
    <ClCompile Include="..\..\src\map\ai\controllers\player_controller.cpp">
      <Filter>Source Files\ai\controllers</Filter>
    </ClCompile>
    <ClCompile Include="..\..\src\map\ai\controllers\controller.cpp">
      <Filter>Source Files\ai\controllers</Filter>
    </ClCompile>
    <ClCompile Include="..\..\src\map\ai\states\despawn_state.cpp">
      <Filter>Source Files\ai\states</Filter>
    </ClCompile>
    <ClCompile Include="..\..\src\map\ai\states\death_state.cpp">
      <Filter>Source Files\ai\states</Filter>
    </ClCompile>
    <ClCompile Include="..\..\src\map\ai\states\raise_state.cpp">
      <Filter>Source Files\ai\states</Filter>
    </ClCompile>
    <ClCompile Include="..\..\src\map\ai\controllers\pet_controller.cpp">
      <Filter>Source Files</Filter>
    </ClCompile>
    <ClCompile Include="..\..\src\map\ai\ai_container.cpp">
      <Filter>Source Files\ai</Filter>
    </ClCompile>
    <ClCompile Include="..\..\src\map\ai\controllers\player_charm_controller.cpp">
      <Filter>Source Files\ai\controllers</Filter>
    </ClCompile>
    <ClCompile Include="..\..\src\map\ai\states\inactive_state.cpp">
      <Filter>Source Files\ai\states</Filter>
    </ClCompile>
    <ClCompile Include="..\..\src\map\ai\controllers\mob_controller.cpp">
      <Filter>Source Files\ai\controllers</Filter>
    </ClCompile>
    <ClCompile Include="..\..\src\map\ai\controllers\automaton_controller.cpp">
      <Filter>Source Files</Filter>
    </ClCompile>
  </ItemGroup>
  <ItemGroup>
    <None Include="..\..\documentation\message.log">
      <Filter>Resource Files</Filter>
    </None>
    <None Include="..\..\documentation\MessageSystemIDs.log">
      <Filter>Resource Files</Filter>
    </None>
    <None Include="..\..\documentation\ZoneIDs.txt">
      <Filter>Resource Files</Filter>
    </None>
    <None Include="..\..\icons\gameserver.ico">
      <Filter>Resource Files</Filter>
    </None>
  </ItemGroup>
  <ItemGroup>
    <ResourceCompile Include="resource.rc" />
  </ItemGroup>
</Project>